
Microsoft Visual Studio Solution File, Format Version 12.00
# Visual Studio Version 17
VisualStudioVersion = 17.10.35013.160
MinimumVisualStudioVersion = 10.0.40219.1
Project("{9A19103F-16F7-4668-BE54-9A1E7A4F7556}") = "ContactManagement", "ContactManagement\ContactManagement.csproj", "{8E69CEBE-BEEF-49EF-A609-C4FCEAFB3554}"
EndProject
Project("{FAE04EC0-301F-11D3-BF4B-00C04F79EFBC}") = "TestingRazorPrj", "TestingRazorPrj\TestingRazorPrj.csproj", "{7334D194-16D0-4263-934F-75C33FC329E0}"
EndProject
Global
	GlobalSection(SolutionConfigurationPlatforms) = preSolution
		Debug|Any CPU = Debug|Any CPU
		Release|Any CPU = Release|Any CPU
	EndGlobalSection
	GlobalSection(ProjectConfigurationPlatforms) = postSolution
		{8E69CEBE-BEEF-49EF-A609-C4FCEAFB3554}.Debug|Any CPU.ActiveCfg = Debug|Any CPU
		{8E69CEBE-BEEF-49EF-A609-C4FCEAFB3554}.Debug|Any CPU.Build.0 = Debug|Any CPU
		{8E69CEBE-BEEF-49EF-A609-C4FCEAFB3554}.Release|Any CPU.ActiveCfg = Release|Any CPU
		{8E69CEBE-BEEF-49EF-A609-C4FCEAFB3554}.Release|Any CPU.Build.0 = Release|Any CPU
		{7334D194-16D0-4263-934F-75C33FC329E0}.Debug|Any CPU.ActiveCfg = Debug|Any CPU
		{7334D194-16D0-4263-934F-75C33FC329E0}.Debug|Any CPU.Build.0 = Debug|Any CPU
		{7334D194-16D0-4263-934F-75C33FC329E0}.Release|Any CPU.ActiveCfg = Release|Any CPU
		{7334D194-16D0-4263-934F-75C33FC329E0}.Release|Any CPU.Build.0 = Release|Any CPU
	EndGlobalSection
	GlobalSection(SolutionProperties) = preSolution
		HideSolutionNode = FALSE
	EndGlobalSection
	GlobalSection(ExtensibilityGlobals) = postSolution
		SolutionGuid = {99A8F542-4AF4-4938-BE7E-5E9435E6A16D}
	EndGlobalSection
EndGlobal
